
Microsoft Visual Studio Solution File, Format Version 12.00
# Visual Studio Version 17
VisualStudioVersion = 17.2.32526.322
MinimumVisualStudioVersion = 10.0.40219.1
Project("{9A19103F-16F7-4668-BE54-9A1E7A4F7556}") = "Playfair cipher", "Playfair cipher\Playfair cipher.csproj", "{3E4D4F06-5293-4718-ABDC-9C0D379B950C}"
EndProject
Global
	GlobalSection(SolutionConfigurationPlatforms) = preSolution
		Debug|Any CPU = Debug|Any CPU
		Release|Any CPU = Release|Any CPU
	EndGlobalSection
	GlobalSection(ProjectConfigurationPlatforms) = postSolution
		{3E4D4F06-5293-4718-ABDC-9C0D379B950C}.Debug|Any CPU.ActiveCfg = Debug|Any CPU
		{3E4D4F06-5293-4718-ABDC-9C0D379B950C}.Debug|Any CPU.Build.0 = Debug|Any CPU
		{3E4D4F06-5293-4718-ABDC-9C0D379B950C}.Release|Any CPU.ActiveCfg = Debug|Any CPU
		{3E4D4F06-5293-4718-ABDC-9C0D379B950C}.Release|Any CPU.Build.0 = Debug|Any CPU
	EndGlobalSection
	GlobalSection(SolutionProperties) = preSolution
		HideSolutionNode = FALSE
	EndGlobalSection
	GlobalSection(ExtensibilityGlobals) = postSolution
		SolutionGuid = {99BB7F73-886D-4407-B97D-C892CFBA4823}
	EndGlobalSection
EndGlobal
